
Microsoft Visual Studio Solution File, Format Version 12.00
# Visual Studio 15
VisualStudioVersion = 15.0.28307.1022
MinimumVisualStudioVersion = 10.0.40219.1
Project("{2150E333-8FDC-42A3-9474-1A3956D46DE8}") = "BusinessLogic", "BusinessLogic", "{28188D3D-18F0-4CDB-A790-701B4AE39F25}"
EndProject
Project("{2150E333-8FDC-42A3-9474-1A3956D46DE8}") = "Common", "Common", "{7502680F-23F1-4C4A-B039-3882B52EA261}"
EndProject
Project("{2150E333-8FDC-42A3-9474-1A3956D46DE8}") = "DataAccess", "DataAccess", "{9E527104-F59C-4146-99F3-8B64E61DCB1F}"
EndProject
Project("{2150E333-8FDC-42A3-9474-1A3956D46DE8}") = "IntegrationAPI", "IntegrationAPI", "{C13BD0F6-8CA6-4727-A08F-5328B73173B4}"
EndProject
Project("{2150E333-8FDC-42A3-9474-1A3956D46DE8}") = "Presentation", "Presentation", "{A661A1C8-1DE4-4ECB-ADF7-5D2B7DF28D9E}"
EndProject
Project("{2150E333-8FDC-42A3-9474-1A3956D46DE8}") = "Template", "Template", "{7668070C-0794-4B63-ADE7-BF581D7A9CE5}"
EndProject
Project("{2150E333-8FDC-42A3-9474-1A3956D46DE8}") = "Utility", "Utility", "{AD1080B2-8199-4B81-B6D5-2495A4BCE132}"
EndProject
Project("{FAE04EC0-301F-11D3-BF4B-00C04F79EFBC}") = "GlobalCollege.Data", "GlobalCollege.Data\GlobalCollege.Data.csproj", "{6AC49D9A-687E-4B4A-844D-34A7EED65704}"
EndProject
Project("{FAE04EC0-301F-11D3-BF4B-00C04F79EFBC}") = "GlobalCollege.Entity", "GlobalCollege.Entity\GlobalCollege.Entity.csproj", "{74148D10-CD2A-4F3B-928C-A0A30C816393}"
EndProject
Project("{FAE04EC0-301F-11D3-BF4B-00C04F79EFBC}") = "GlobalCollege.Repository", "GlobalCollege.Repository\GlobalCollege.Repository.csproj", "{D7A0AACC-33A0-4A65-937A-2BDE8E52EDEE}"
EndProject
Project("{FAE04EC0-301F-11D3-BF4B-00C04F79EFBC}") = "GlobalCollege.Infrastructure", "GlobalCollege.Infrastructure\GlobalCollege.Infrastructure.csproj", "{3662A786-9F32-497E-B535-8C4DC6C5CB5D}"
EndProject
Project("{FAE04EC0-301F-11D3-BF4B-00C04F79EFBC}") = "GlobalCollege.Security", "GlobalCollege.Security\GlobalCollege.Security.csproj", "{CFE898C5-6A92-42D9-BC89-A8BF49FF6FEC}"
EndProject
Project("{FAE04EC0-301F-11D3-BF4B-00C04F79EFBC}") = "GlobalCollege.XMLHelper", "GlobalCollege.XMLHelper\GlobalCollege.XMLHelper.csproj", "{D70A4B74-68A5-426F-B9CD-ACE0F79D5A67}"
EndProject
Project("{FAE04EC0-301F-11D3-BF4B-00C04F79EFBC}") = "GlobalCollege.Service", "GlobalCollege.Service\GlobalCollege.Service.csproj", "{30CC6C65-B372-4374-98D7-04C19B609F26}"
EndProject
Project("{FAE04EC0-301F-11D3-BF4B-00C04F79EFBC}") = "GlobalCollege.AttributeHelper", "GlobalCollege.AttributeHelper\GlobalCollege.AttributeHelper.csproj", "{DAD6CD90-197E-4EB4-8CE7-F58E6F5D712C}"
EndProject
Project("{00D1A9C2-B5F0-4AF3-8072-F6C62B433612}") = "GlobalCollege.Database", "GlobalCollege.Database\GlobalCollege.Database.sqlproj", "{98A7DB1B-33CF-4C59-92D8-57705DD0085D}"
EndProject
Project("{FAE04EC0-301F-11D3-BF4B-00C04F79EFBC}") = "GlobalCollege.Admin", "GlobalCollege.Admin\GlobalCollege.Admin.csproj", "{7FC9EC31-D159-4339-98E6-3DA6135DA546}"
EndProject
Project("{FAE04EC0-301F-11D3-BF4B-00C04F79EFBC}") = "GlobalCollege.API", "GlobalCollege.API\GlobalCollege.API.csproj", "{7CD7CB44-10FC-419A-9D4E-DB3878CD3709}"
EndProject
Project("{9A19103F-16F7-4668-BE54-9A1E7A4F7556}") = "GlobalCollege.Frontend", "GlobalCollege.Frontend\GlobalCollege.Frontend.csproj", "{17B02354-4856-4D03-91D2-E24E1C3E8EE4}"
EndProject
Project("{9A19103F-16F7-4668-BE54-9A1E7A4F7556}") = "GlobalCollege.APIMiddlewareCore", "GlobalCollege.APIMiddlewareCore\GlobalCollege.APIMiddlewareCore.csproj", "{C665015B-AEF4-4C1D-9E12-25F6B08C5F56}"
EndProject
Project("{FAE04EC0-301F-11D3-BF4B-00C04F79EFBC}") = "GlobalCollege.Gallery", "GlobalCollege.Gallery\GlobalCollege.Gallery.csproj", "{1D1F0E9D-2526-421F-AE4F-CC3146920DB0}"
EndProject
Global
	GlobalSection(SolutionConfigurationPlatforms) = preSolution
		Debug|Any CPU = Debug|Any CPU
		Release|Any CPU = Release|Any CPU
	EndGlobalSection
	GlobalSection(ProjectConfigurationPlatforms) = postSolution
		{6AC49D9A-687E-4B4A-844D-34A7EED65704}.Debug|Any CPU.ActiveCfg = Debug|Any CPU
		{6AC49D9A-687E-4B4A-844D-34A7EED65704}.Debug|Any CPU.Build.0 = Debug|Any CPU
		{6AC49D9A-687E-4B4A-844D-34A7EED65704}.Release|Any CPU.ActiveCfg = Release|Any CPU
		{6AC49D9A-687E-4B4A-844D-34A7EED65704}.Release|Any CPU.Build.0 = Release|Any CPU
		{74148D10-CD2A-4F3B-928C-A0A30C816393}.Debug|Any CPU.ActiveCfg = Debug|Any CPU
		{74148D10-CD2A-4F3B-928C-A0A30C816393}.Debug|Any CPU.Build.0 = Debug|Any CPU
		{74148D10-CD2A-4F3B-928C-A0A30C816393}.Release|Any CPU.ActiveCfg = Release|Any CPU
		{74148D10-CD2A-4F3B-928C-A0A30C816393}.Release|Any CPU.Build.0 = Release|Any CPU
		{D7A0AACC-33A0-4A65-937A-2BDE8E52EDEE}.Debug|Any CPU.ActiveCfg = Debug|Any CPU
		{D7A0AACC-33A0-4A65-937A-2BDE8E52EDEE}.Debug|Any CPU.Build.0 = Debug|Any CPU
		{D7A0AACC-33A0-4A65-937A-2BDE8E52EDEE}.Release|Any CPU.ActiveCfg = Release|Any CPU
		{D7A0AACC-33A0-4A65-937A-2BDE8E52EDEE}.Release|Any CPU.Build.0 = Release|Any CPU
		{3662A786-9F32-497E-B535-8C4DC6C5CB5D}.Debug|Any CPU.ActiveCfg = Debug|Any CPU
		{3662A786-9F32-497E-B535-8C4DC6C5CB5D}.Debug|Any CPU.Build.0 = Debug|Any CPU
		{3662A786-9F32-497E-B535-8C4DC6C5CB5D}.Release|Any CPU.ActiveCfg = Release|Any CPU
		{3662A786-9F32-497E-B535-8C4DC6C5CB5D}.Release|Any CPU.Build.0 = Release|Any CPU
		{CFE898C5-6A92-42D9-BC89-A8BF49FF6FEC}.Debug|Any CPU.ActiveCfg = Debug|Any CPU
		{CFE898C5-6A92-42D9-BC89-A8BF49FF6FEC}.Debug|Any CPU.Build.0 = Debug|Any CPU
		{CFE898C5-6A92-42D9-BC89-A8BF49FF6FEC}.Release|Any CPU.ActiveCfg = Release|Any CPU
		{CFE898C5-6A92-42D9-BC89-A8BF49FF6FEC}.Release|Any CPU.Build.0 = Release|Any CPU
		{D70A4B74-68A5-426F-B9CD-ACE0F79D5A67}.Debug|Any CPU.ActiveCfg = Debug|Any CPU
		{D70A4B74-68A5-426F-B9CD-ACE0F79D5A67}.Debug|Any CPU.Build.0 = Debug|Any CPU
		{D70A4B74-68A5-426F-B9CD-ACE0F79D5A67}.Release|Any CPU.ActiveCfg = Release|Any CPU
		{D70A4B74-68A5-426F-B9CD-ACE0F79D5A67}.Release|Any CPU.Build.0 = Release|Any CPU
		{30CC6C65-B372-4374-98D7-04C19B609F26}.Debug|Any CPU.ActiveCfg = Debug|Any CPU
		{30CC6C65-B372-4374-98D7-04C19B609F26}.Debug|Any CPU.Build.0 = Debug|Any CPU
		{30CC6C65-B372-4374-98D7-04C19B609F26}.Release|Any CPU.ActiveCfg = Release|Any CPU
		{30CC6C65-B372-4374-98D7-04C19B609F26}.Release|Any CPU.Build.0 = Release|Any CPU
		{DAD6CD90-197E-4EB4-8CE7-F58E6F5D712C}.Debug|Any CPU.ActiveCfg = Debug|Any CPU
		{DAD6CD90-197E-4EB4-8CE7-F58E6F5D712C}.Debug|Any CPU.Build.0 = Debug|Any CPU
		{DAD6CD90-197E-4EB4-8CE7-F58E6F5D712C}.Release|Any CPU.ActiveCfg = Release|Any CPU
		{DAD6CD90-197E-4EB4-8CE7-F58E6F5D712C}.Release|Any CPU.Build.0 = Release|Any CPU
		{98A7DB1B-33CF-4C59-92D8-57705DD0085D}.Debug|Any CPU.ActiveCfg = Debug|Any CPU
		{98A7DB1B-33CF-4C59-92D8-57705DD0085D}.Debug|Any CPU.Build.0 = Debug|Any CPU
		{98A7DB1B-33CF-4C59-92D8-57705DD0085D}.Debug|Any CPU.Deploy.0 = Debug|Any CPU
		{98A7DB1B-33CF-4C59-92D8-57705DD0085D}.Release|Any CPU.ActiveCfg = Release|Any CPU
		{98A7DB1B-33CF-4C59-92D8-57705DD0085D}.Release|Any CPU.Build.0 = Release|Any CPU
		{98A7DB1B-33CF-4C59-92D8-57705DD0085D}.Release|Any CPU.Deploy.0 = Release|Any CPU
		{7FC9EC31-D159-4339-98E6-3DA6135DA546}.Debug|Any CPU.ActiveCfg = Debug|Any CPU
		{7FC9EC31-D159-4339-98E6-3DA6135DA546}.Debug|Any CPU.Build.0 = Debug|Any CPU
		{7FC9EC31-D159-4339-98E6-3DA6135DA546}.Release|Any CPU.ActiveCfg = Release|Any CPU
		{7FC9EC31-D159-4339-98E6-3DA6135DA546}.Release|Any CPU.Build.0 = Release|Any CPU
		{7CD7CB44-10FC-419A-9D4E-DB3878CD3709}.Debug|Any CPU.ActiveCfg = Debug|Any CPU
		{7CD7CB44-10FC-419A-9D4E-DB3878CD3709}.Debug|Any CPU.Build.0 = Debug|Any CPU
		{7CD7CB44-10FC-419A-9D4E-DB3878CD3709}.Release|Any CPU.ActiveCfg = Release|Any CPU
		{7CD7CB44-10FC-419A-9D4E-DB3878CD3709}.Release|Any CPU.Build.0 = Release|Any CPU
		{17B02354-4856-4D03-91D2-E24E1C3E8EE4}.Debug|Any CPU.ActiveCfg = Debug|Any CPU
		{17B02354-4856-4D03-91D2-E24E1C3E8EE4}.Debug|Any CPU.Build.0 = Debug|Any CPU
		{17B02354-4856-4D03-91D2-E24E1C3E8EE4}.Release|Any CPU.ActiveCfg = Release|Any CPU
		{17B02354-4856-4D03-91D2-E24E1C3E8EE4}.Release|Any CPU.Build.0 = Release|Any CPU
		{C665015B-AEF4-4C1D-9E12-25F6B08C5F56}.Debug|Any CPU.ActiveCfg = Debug|Any CPU
		{C665015B-AEF4-4C1D-9E12-25F6B08C5F56}.Debug|Any CPU.Build.0 = Debug|Any CPU
		{C665015B-AEF4-4C1D-9E12-25F6B08C5F56}.Release|Any CPU.ActiveCfg = Release|Any CPU
		{C665015B-AEF4-4C1D-9E12-25F6B08C5F56}.Release|Any CPU.Build.0 = Release|Any CPU
		{1D1F0E9D-2526-421F-AE4F-CC3146920DB0}.Debug|Any CPU.ActiveCfg = Debug|Any CPU
		{1D1F0E9D-2526-421F-AE4F-CC3146920DB0}.Debug|Any CPU.Build.0 = Debug|Any CPU
		{1D1F0E9D-2526-421F-AE4F-CC3146920DB0}.Release|Any CPU.ActiveCfg = Release|Any CPU
		{1D1F0E9D-2526-421F-AE4F-CC3146920DB0}.Release|Any CPU.Build.0 = Release|Any CPU
	EndGlobalSection
	GlobalSection(SolutionProperties) = preSolution
		HideSolutionNode = FALSE
	EndGlobalSection
	GlobalSection(NestedProjects) = preSolution
		{6AC49D9A-687E-4B4A-844D-34A7EED65704} = {9E527104-F59C-4146-99F3-8B64E61DCB1F}
		{74148D10-CD2A-4F3B-928C-A0A30C816393} = {9E527104-F59C-4146-99F3-8B64E61DCB1F}
		{D7A0AACC-33A0-4A65-937A-2BDE8E52EDEE} = {9E527104-F59C-4146-99F3-8B64E61DCB1F}
		{3662A786-9F32-497E-B535-8C4DC6C5CB5D} = {7502680F-23F1-4C4A-B039-3882B52EA261}
		{CFE898C5-6A92-42D9-BC89-A8BF49FF6FEC} = {7502680F-23F1-4C4A-B039-3882B52EA261}
		{D70A4B74-68A5-426F-B9CD-ACE0F79D5A67} = {7502680F-23F1-4C4A-B039-3882B52EA261}
		{30CC6C65-B372-4374-98D7-04C19B609F26} = {28188D3D-18F0-4CDB-A790-701B4AE39F25}
		{DAD6CD90-197E-4EB4-8CE7-F58E6F5D712C} = {AD1080B2-8199-4B81-B6D5-2495A4BCE132}
		{98A7DB1B-33CF-4C59-92D8-57705DD0085D} = {AD1080B2-8199-4B81-B6D5-2495A4BCE132}
		{7FC9EC31-D159-4339-98E6-3DA6135DA546} = {A661A1C8-1DE4-4ECB-ADF7-5D2B7DF28D9E}
		{7CD7CB44-10FC-419A-9D4E-DB3878CD3709} = {C13BD0F6-8CA6-4727-A08F-5328B73173B4}
		{17B02354-4856-4D03-91D2-E24E1C3E8EE4} = {A661A1C8-1DE4-4ECB-ADF7-5D2B7DF28D9E}
		{C665015B-AEF4-4C1D-9E12-25F6B08C5F56} = {C13BD0F6-8CA6-4727-A08F-5328B73173B4}
		{1D1F0E9D-2526-421F-AE4F-CC3146920DB0} = {A661A1C8-1DE4-4ECB-ADF7-5D2B7DF28D9E}
	EndGlobalSection
	GlobalSection(ExtensibilityGlobals) = postSolution
		SolutionGuid = {6BE1D4C3-9415-4CE4-8849-37875385CAC6}
	EndGlobalSection
EndGlobal
